// !$*UTF8*$!
{
	archiveVersion = 1;
	classes = {
	};
	objectVersion = 56;
	objects = {

/* Begin PBXBuildFile section */
		7C0E1B102943F6FA006C4B8E /* DataSource.swift in Sources */ = {isa = PBXBuildFile; fileRef = 7C0E1B0F2943F6FA006C4B8E /* DataSource.swift */; };
		7C4111342940D20900CC0A1D /* AppDelegate.swift in Sources */ = {isa = PBXBuildFile; fileRef = 7C4111332940D20900CC0A1D /* AppDelegate.swift */; };
		7C4111362940D20900CC0A1D /* SceneDelegate.swift in Sources */ = {isa = PBXBuildFile; fileRef = 7C4111352940D20900CC0A1D /* SceneDelegate.swift */; };
		7C4111382940D20900CC0A1D /* LoginViewController.swift in Sources */ = {isa = PBXBuildFile; fileRef = 7C4111372940D20900CC0A1D /* LoginViewController.swift */; };
		7C41113B2940D20900CC0A1D /* Main.storyboard in Resources */ = {isa = PBXBuildFile; fileRef = 7C4111392940D20900CC0A1D /* Main.storyboard */; };
		7C41113D2940D20A00CC0A1D /* Assets.xcassets in Resources */ = {isa = PBXBuildFile; fileRef = 7C41113C2940D20A00CC0A1D /* Assets.xcassets */; };
		7C4111402940D20A00CC0A1D /* LaunchScreen.storyboard in Resources */ = {isa = PBXBuildFile; fileRef = 7C41113E2940D20A00CC0A1D /* LaunchScreen.storyboard */; };
		7CEB9D652943514100F17E36 /* Api.swift in Sources */ = {isa = PBXBuildFile; fileRef = 7CEB9D642943514100F17E36 /* Api.swift */; };
		7CEB9D69294359C100F17E36 /* ToDoViewController.swift in Sources */ = {isa = PBXBuildFile; fileRef = 7CEB9D68294359C100F17E36 /* ToDoViewController.swift */; };
		7CEB9D6B29435AF300F17E36 /* RegisterViewController.swift in Sources */ = {isa = PBXBuildFile; fileRef = 7CEB9D6A29435AF300F17E36 /* RegisterViewController.swift */; };
		7CEB9D6D294375C500F17E36 /* ToDoModel.swift in Sources */ = {isa = PBXBuildFile; fileRef = 7CEB9D6C294375C500F17E36 /* ToDoModel.swift */; };
		7CEB9D702943770D00F17E36 /* UIViewController+Error.swift in Sources */ = {isa = PBXBuildFile; fileRef = 7CEB9D6F2943770D00F17E36 /* UIViewController+Error.swift */; };
/* End PBXBuildFile section */

/* Begin PBXFileReference section */
		7C0E1B0F2943F6FA006C4B8E /* DataSource.swift */ = {isa = PBXFileReference; lastKnownFileType = sourcecode.swift; path = DataSource.swift; sourceTree = "<group>"; };
		7C4111302940D20900CC0A1D /* Client.app */ = {isa = PBXFileReference; explicitFileType = wrapper.application; includeInIndex = 0; path = Client.app; sourceTree = BUILT_PRODUCTS_DIR; };
		7C4111332940D20900CC0A1D /* AppDelegate.swift */ = {isa = PBXFileReference; lastKnownFileType = sourcecode.swift; path = AppDelegate.swift; sourceTree = "<group>"; };
		7C4111352940D20900CC0A1D /* SceneDelegate.swift */ = {isa = PBXFileReference; lastKnownFileType = sourcecode.swift; path = SceneDelegate.swift; sourceTree = "<group>"; };
		7C4111372940D20900CC0A1D /* LoginViewController.swift */ = {isa = PBXFileReference; lastKnownFileType = sourcecode.swift; path = LoginViewController.swift; sourceTree = "<group>"; };
		7C41113A2940D20900CC0A1D /* Base */ = {isa = PBXFileReference; lastKnownFileType = file.storyboard; name = Base; path = Base.lproj/Main.storyboard; sourceTree = "<group>"; };
		7C41113C2940D20A00CC0A1D /* Assets.xcassets */ = {isa = PBXFileReference; lastKnownFileType = folder.assetcatalog; path = Assets.xcassets; sourceTree = "<group>"; };
		7C41113F2940D20A00CC0A1D /* Base */ = {isa = PBXFileReference; lastKnownFileType = file.storyboard; name = Base; path = Base.lproj/LaunchScreen.storyboard; sourceTree = "<group>"; };
		7C4111412940D20A00CC0A1D /* Info.plist */ = {isa = PBXFileReference; lastKnownFileType = text.plist.xml; path = Info.plist; sourceTree = "<group>"; };
		7CEB9D642943514100F17E36 /* Api.swift */ = {isa = PBXFileReference; lastKnownFileType = sourcecode.swift; path = Api.swift; sourceTree = "<group>"; };
		7CEB9D68294359C100F17E36 /* ToDoViewController.swift */ = {isa = PBXFileReference; lastKnownFileType = sourcecode.swift; path = ToDoViewController.swift; sourceTree = "<group>"; };
		7CEB9D6A29435AF300F17E36 /* RegisterViewController.swift */ = {isa = PBXFileReference; lastKnownFileType = sourcecode.swift; path = RegisterViewController.swift; sourceTree = "<group>"; };
		7CEB9D6C294375C500F17E36 /* ToDoModel.swift */ = {isa = PBXFileReference; lastKnownFileType = sourcecode.swift; path = ToDoModel.swift; sourceTree = "<group>"; };
		7CEB9D6F2943770D00F17E36 /* UIViewController+Error.swift */ = {isa = PBXFileReference; lastKnownFileType = sourcecode.swift; path = "UIViewController+Error.swift"; sourceTree = "<group>"; };
/* End PBXFileReference section */

/* Begin PBXFrameworksBuildPhase section */
		7C41112D2940D20900CC0A1D /* Frameworks */ = {
			isa = PBXFrameworksBuildPhase;
			buildActionMask = 2147483647;
			files = (
			);
			runOnlyForDeploymentPostprocessing = 0;
		};
/* End PBXFrameworksBuildPhase section */

/* Begin PBXGroup section */
		7C4111272940D20900CC0A1D = {
			isa = PBXGroup;
			children = (
				7C4111322940D20900CC0A1D /* Client */,
				7C4111312940D20900CC0A1D /* Products */,
			);
			sourceTree = "<group>";
		};
		7C4111312940D20900CC0A1D /* Products */ = {
			isa = PBXGroup;
			children = (
				7C4111302940D20900CC0A1D /* Client.app */,
			);
			name = Products;
			sourceTree = "<group>";
		};
		7C4111322940D20900CC0A1D /* Client */ = {
			isa = PBXGroup;
			children = (
				7CEB9D6E294376FB00F17E36 /* Extensions */,
				7CEB9D67294359B000F17E36 /* Views */,
				7CEB9D662943519F00F17E36 /* Api */,
				7C4111332940D20900CC0A1D /* AppDelegate.swift */,
				7C4111352940D20900CC0A1D /* SceneDelegate.swift */,
				7C4111392940D20900CC0A1D /* Main.storyboard */,
				7C41113C2940D20A00CC0A1D /* Assets.xcassets */,
				7C41113E2940D20A00CC0A1D /* LaunchScreen.storyboard */,
				7C4111412940D20A00CC0A1D /* Info.plist */,
			);
			path = Client;
			sourceTree = "<group>";
		};
		7CEB9D662943519F00F17E36 /* Api */ = {
			isa = PBXGroup;
			children = (
				7CEB9D642943514100F17E36 /* Api.swift */,
				7CEB9D6C294375C500F17E36 /* ToDoModel.swift */,
			);
			path = Api;
			sourceTree = "<group>";
		};
		7CEB9D67294359B000F17E36 /* Views */ = {
			isa = PBXGroup;
			children = (
				7CEB9D68294359C100F17E36 /* ToDoViewController.swift */,
				7C4111372940D20900CC0A1D /* LoginViewController.swift */,
				7CEB9D6A29435AF300F17E36 /* RegisterViewController.swift */,
			);
			path = Views;
			sourceTree = "<group>";
		};
		7CEB9D6E294376FB00F17E36 /* Extensions */ = {
			isa = PBXGroup;
			children = (
				7CEB9D6F2943770D00F17E36 /* UIViewController+Error.swift */,
				7C0E1B0F2943F6FA006C4B8E /* DataSource.swift */,
			);
			path = Extensions;
			sourceTree = "<group>";
		};
/* End PBXGroup section */

/* Begin PBXNativeTarget section */
		7C41112F2940D20900CC0A1D /* Client */ = {
			isa = PBXNativeTarget;
			buildConfigurationList = 7C4111442940D20A00CC0A1D /* Build configuration list for PBXNativeTarget "Client" */;
			buildPhases = (
				7C41112C2940D20900CC0A1D /* Sources */,
				7C41112D2940D20900CC0A1D /* Frameworks */,
				7C41112E2940D20900CC0A1D /* Resources */,
			);
			buildRules = (
			);
			dependencies = (
			);
			name = Client;
			productName = Client;
			productReference = 7C4111302940D20900CC0A1D /* Client.app */;
			productType = "com.apple.product-type.application";
		};
/* End PBXNativeTarget section */

/* Begin PBXProject section */
		7C4111282940D20900CC0A1D /* Project object */ = {
			isa = PBXProject;
			attributes = {
				BuildIndependentTargetsInParallel = 1;
				LastSwiftUpdateCheck = 1400;
				LastUpgradeCheck = 1400;
				TargetAttributes = {
					7C41112F2940D20900CC0A1D = {
						CreatedOnToolsVersion = 14.0.1;
					};
				};
			};
			buildConfigurationList = 7C41112B2940D20900CC0A1D /* Build configuration list for PBXProject "Client" */;
			compatibilityVersion = "Xcode 14.0";
			developmentRegion = en;
			hasScannedForEncodings = 0;
			knownRegions = (
				en,
				Base,
			);
			mainGroup = 7C4111272940D20900CC0A1D;
			productRefGroup = 7C4111312940D20900CC0A1D /* Products */;
			projectDirPath = "";
			projectRoot = "";
			targets = (
				7C41112F2940D20900CC0A1D /* Client */,
			);
		};
/* End PBXProject section */

/* Begin PBXResourcesBuildPhase section */
		7C41112E2940D20900CC0A1D /* Resources */ = {
			isa = PBXResourcesBuildPhase;
			buildActionMask = 2147483647;
			files = (
				7C4111402940D20A00CC0A1D /* LaunchScreen.storyboard in Resources */,
				7C41113D2940D20A00CC0A1D /* Assets.xcassets in Resources */,
				7C41113B2940D20900CC0A1D /* Main.storyboard in Resources */,
			);
			runOnlyForDeploymentPostprocessing = 0;
		};
/* End PBXResourcesBuildPhase section */

/* Begin PBXSourcesBuildPhase section */
		7C41112C2940D20900CC0A1D /* Sources */ = {
			isa = PBXSourcesBuildPhase;
			buildActionMask = 2147483647;
			files = (
				7CEB9D69294359C100F17E36 /* ToDoViewController.swift in Sources */,
				7CEB9D702943770D00F17E36 /* UIViewController+Error.swift in Sources */,
				7CEB9D6D294375C500F17E36 /* ToDoModel.swift in Sources */,
				7C0E1B102943F6FA006C4B8E /* DataSource.swift in Sources */,
				7C4111382940D20900CC0A1D /* LoginViewController.swift in Sources */,
				7C4111342940D20900CC0A1D /* AppDelegate.swift in Sources */,
				7CEB9D6B29435AF300F17E36 /* RegisterViewController.swift in Sources */,
				7CEB9D652943514100F17E36 /* Api.swift in Sources */,
				7C4111362940D20900CC0A1D /* SceneDelegate.swift in Sources */,
			);
			runOnlyForDeploymentPostprocessing = 0;
		};
/* End PBXSourcesBuildPhase section */

/* Begin PBXVariantGroup section */
		7C4111392940D20900CC0A1D /* Main.storyboard */ = {
			isa = PBXVariantGroup;
			children = (
				7C41113A2940D20900CC0A1D /* Base */,
			);
			name = Main.storyboard;
			sourceTree = "<group>";
		};
		7C41113E2940D20A00CC0A1D /* LaunchScreen.storyboard */ = {
			isa = PBXVariantGroup;
			children = (
				7C41113F2940D20A00CC0A1D /* Base */,
			);
			name = LaunchScreen.storyboard;
			sourceTree = "<group>";
		};
/* End PBXVariantGroup section */

/* Begin XCBuildConfiguration section */
		7C4111422940D20A00CC0A1D /* Debug */ = {
			isa = XCBuildConfiguration;
			buildSettings = {
				ALWAYS_SEARCH_USER_PATHS = NO;
				CLANG_ANALYZER_NONNULL = YES;
				CLANG_ANALYZER_NUMBER_OBJECT_CONVERSION = YES_AGGRESSIVE;
				CLANG_CXX_LANGUAGE_STANDARD = "gnu++20";
				CLANG_ENABLE_MODULES = YES;
				CLANG_ENABLE_OBJC_ARC = YES;
				CLANG_ENABLE_OBJC_WEAK = YES;
				CLANG_WARN_BLOCK_CAPTURE_AUTORELEASING = YES;
				CLANG_WARN_BOOL_CONVERSION = YES;
				CLANG_WARN_COMMA = YES;
				CLANG_WARN_CONSTANT_CONVERSION = YES;
				CLANG_WARN_DEPRECATED_OBJC_IMPLEMENTATIONS = YES;
				CLANG_WARN_DIRECT_OBJC_ISA_USAGE = YES_ERROR;
				CLANG_WARN_DOCUMENTATION_COMMENTS = YES;
				CLANG_WARN_EMPTY_BODY = YES;
				CLANG_WARN_ENUM_CONVERSION = YES;
				CLANG_WARN_INFINITE_RECURSION = YES;
				CLANG_WARN_INT_CONVERSION = YES;
				CLANG_WARN_NON_LITERAL_NULL_CONVERSION = YES;
				CLANG_WARN_OBJC_IMPLICIT_RETAIN_SELF = YES;
				CLANG_WARN_OBJC_LITERAL_CONVERSION = YES;
				CLANG_WARN_OBJC_ROOT_CLASS = YES_ERROR;
				CLANG_WARN_QUOTED_INCLUDE_IN_FRAMEWORK_HEADER = YES;
				CLANG_WARN_RANGE_LOOP_ANALYSIS = YES;
				CLANG_WARN_STRICT_PROTOTYPES = YES;
				CLANG_WARN_SUSPICIOUS_MOVE = YES;
				CLANG_WARN_UNGUARDED_AVAILABILITY = YES_AGGRESSIVE;
				CLANG_WARN_UNREACHABLE_CODE = YES;
				CLANG_WARN__DUPLICATE_METHOD_MATCH = YES;
				COPY_PHASE_STRIP = NO;
				DEBUG_INFORMATION_FORMAT = dwarf;
				ENABLE_STRICT_OBJC_MSGSEND = YES;
				ENABLE_TESTABILITY = YES;
				GCC_C_LANGUAGE_STANDARD = gnu11;
				GCC_DYNAMIC_NO_PIC = NO;
				GCC_NO_COMMON_BLOCKS = YES;
				GCC_OPTIMIZATION_LEVEL = 0;
				GCC_PREPROCESSOR_DEFINITIONS = (
					"DEBUG=1",
					"$(inherited)",
				);
				GCC_WARN_64_TO_32_BIT_CONVERSION = YES;
				GCC_WARN_ABOUT_RETURN_TYPE = YES_ERROR;
				GCC_WARN_UNDECLARED_SELECTOR = YES;
				GCC_WARN_UNINITIALIZED_AUTOS = YES_AGGRESSIVE;
				GCC_WARN_UNUSED_FUNCTION = YES;
				GCC_WARN_UNUSED_VARIABLE = YES;
				IPHONEOS_DEPLOYMENT_TARGET = 16.0;
				MTL_ENABLE_DEBUG_INFO = INCLUDE_SOURCE;
				MTL_FAST_MATH = YES;
				ONLY_ACTIVE_ARCH = YES;
				SDKROOT = iphoneos;
				SWIFT_ACTIVE_COMPILATION_CONDITIONS = DEBUG;
				SWIFT_OPTIMIZATION_LEVEL = "-Onone";
			};
			name = Debug;
		};
		7C4111432940D20A00CC0A1D /* Release */ = {
			isa = XCBuildConfiguration;
			buildSettings = {
				ALWAYS_SEARCH_USER_PATHS = NO;
				CLANG_ANALYZER_NONNULL = YES;
				CLANG_ANALYZER_NUMBER_OBJECT_CONVERSION = YES_AGGRESSIVE;
				CLANG_CXX_LANGUAGE_STANDARD = "gnu++20";
				CLANG_ENABLE_MODULES = YES;
				CLANG_ENABLE_OBJC_ARC = YES;
				CLANG_ENABLE_OBJC_WEAK = YES;
				CLANG_WARN_BLOCK_CAPTURE_AUTORELEASING = YES;
				CLANG_WARN_BOOL_CONVERSION = YES;
				CLANG_WARN_COMMA = YES;
				CLANG_WARN_CONSTANT_CONVERSION = YES;
				CLANG_WARN_DEPRECATED_OBJC_IMPLEMENTATIONS = YES;
				CLANG_WARN_DIRECT_OBJC_ISA_USAGE = YES_ERROR;
				CLANG_WARN_DOCUMENTATION_COMMENTS = YES;
				CLANG_WARN_EMPTY_BODY = YES;
				CLANG_WARN_ENUM_CONVERSION = YES;
				CLANG_WARN_INFINITE_RECURSION = YES;
				CLANG_WARN_INT_CONVERSION = YES;
				CLANG_WARN_NON_LITERAL_NULL_CONVERSION = YES;
				CLANG_WARN_OBJC_IMPLICIT_RETAIN_SELF = YES;
				CLANG_WARN_OBJC_LITERAL_CONVERSION = YES;
				CLANG_WARN_OBJC_ROOT_CLASS = YES_ERROR;
				CLANG_WARN_QUOTED_INCLUDE_IN_FRAMEWORK_HEADER = YES;
				CLANG_WARN_RANGE_LOOP_ANALYSIS = YES;
				CLANG_WARN_STRICT_PROTOTYPES = YES;
				CLANG_WARN_SUSPICIOUS_MOVE = YES;
				CLANG_WARN_UNGUARDED_AVAILABILITY = YES_AGGRESSIVE;
				CLANG_WARN_UNREACHABLE_CODE = YES;
				CLANG_WARN__DUPLICATE_METHOD_MATCH = YES;
				COPY_PHASE_STRIP = NO;
				DEBUG_INFORMATION_FORMAT = "dwarf-with-dsym";
				ENABLE_NS_ASSERTIONS = NO;
				ENABLE_STRICT_OBJC_MSGSEND = YES;
				GCC_C_LANGUAGE_STANDARD = gnu11;
				GCC_NO_COMMON_BLOCKS = YES;
				GCC_WARN_64_TO_32_BIT_CONVERSION = YES;
				GCC_WARN_ABOUT_RETURN_TYPE = YES_ERROR;
				GCC_WARN_UNDECLARED_SELECTOR = YES;
				GCC_WARN_UNINITIALIZED_AUTOS = YES_AGGRESSIVE;
				GCC_WARN_UNUSED_FUNCTION = YES;
				GCC_WARN_UNUSED_VARIABLE = YES;
				IPHONEOS_DEPLOYMENT_TARGET = 16.0;
				MTL_ENABLE_DEBUG_INFO = NO;
				MTL_FAST_MATH = YES;
				SDKROOT = iphoneos;
				SWIFT_COMPILATION_MODE = wholemodule;
				SWIFT_OPTIMIZATION_LEVEL = "-O";
				VALIDATE_PRODUCT = YES;
			};
			name = Release;
		};
		7C4111452940D20A00CC0A1D /* Debug */ = {
			isa = XCBuildConfiguration;
			buildSettings = {
				ASSETCATALOG_COMPILER_APPICON_NAME = AppIcon;
				ASSETCATALOG_COMPILER_GLOBAL_ACCENT_COLOR_NAME = AccentColor;
				CODE_SIGN_STYLE = Automatic;
				CURRENT_PROJECT_VERSION = 1;
				DEVELOPMENT_TEAM = D59DHVRS87;
				GENERATE_INFOPLIST_FILE = YES;
				INFOPLIST_FILE = Client/Info.plist;
				INFOPLIST_KEY_UIApplicationSupportsIndirectInputEvents = YES;
				INFOPLIST_KEY_UILaunchStoryboardName = LaunchScreen;
				INFOPLIST_KEY_UIMainStoryboardFile = Main;
				INFOPLIST_KEY_UISupportedInterfaceOrientations_iPad = "UIInterfaceOrientationPortrait UIInterfaceOrientationPortraitUpsideDown UIInterfaceOrientationLandscapeLeft UIInterfaceOrientationLandscapeRight";
				INFOPLIST_KEY_UISupportedInterfaceOrientations_iPhone = "UIInterfaceOrientationPortrait UIInterfaceOrientationLandscapeLeft UIInterfaceOrientationLandscapeRight";
				LD_RUNPATH_SEARCH_PATHS = (
					"$(inherited)",
					"@executable_path/Frameworks",
				);
				MARKETING_VERSION = 1.0;
				PRODUCT_BUNDLE_IDENTIFIER = ru.xitrix.Client;
				PRODUCT_NAME = "$(TARGET_NAME)";
				SWIFT_EMIT_LOC_STRINGS = YES;
				SWIFT_VERSION = 5.0;
				TARGETED_DEVICE_FAMILY = "1,2";
			};
			name = Debug;
		};
		7C4111462940D20A00CC0A1D /* Release */ = {
			isa = XCBuildConfiguration;
			buildSettings = {
				ASSETCATALOG_COMPILER_APPICON_NAME = AppIcon;
				ASSETCATALOG_COMPILER_GLOBAL_ACCENT_COLOR_NAME = AccentColor;
				CODE_SIGN_STYLE = Automatic;
				CURRENT_PROJECT_VERSION = 1;
				DEVELOPMENT_TEAM = D59DHVRS87;
				GENERATE_INFOPLIST_FILE = YES;
				INFOPLIST_FILE = Client/Info.plist;
				INFOPLIST_KEY_UIApplicationSupportsIndirectInputEvents = YES;
				INFOPLIST_KEY_UILaunchStoryboardName = LaunchScreen;
				INFOPLIST_KEY_UIMainStoryboardFile = Main;
				INFOPLIST_KEY_UISupportedInterfaceOrientations_iPad = "UIInterfaceOrientationPortrait UIInterfaceOrientationPortraitUpsideDown UIInterfaceOrientationLandscapeLeft UIInterfaceOrientationLandscapeRight";
				INFOPLIST_KEY_UISupportedInterfaceOrientations_iPhone = "UIInterfaceOrientationPortrait UIInterfaceOrientationLandscapeLeft UIInterfaceOrientationLandscapeRight";
				LD_RUNPATH_SEARCH_PATHS = (
					"$(inherited)",
					"@executable_path/Frameworks",
				);
				MARKETING_VERSION = 1.0;
				PRODUCT_BUNDLE_IDENTIFIER = ru.xitrix.Client;
				PRODUCT_NAME = "$(TARGET_NAME)";
				SWIFT_EMIT_LOC_STRINGS = YES;
				SWIFT_VERSION = 5.0;
				TARGETED_DEVICE_FAMILY = "1,2";
			};
			name = Release;
		};
/* End XCBuildConfiguration section */

/* Begin XCConfigurationList section */
		7C41112B2940D20900CC0A1D /* Build configuration list for PBXProject "Client" */ = {
			isa = XCConfigurationList;
			buildConfigurations = (
				7C4111422940D20A00CC0A1D /* Debug */,
				7C4111432940D20A00CC0A1D /* Release */,
			);
			defaultConfigurationIsVisible = 0;
			defaultConfigurationName = Release;
		};
		7C4111442940D20A00CC0A1D /* Build configuration list for PBXNativeTarget "Client" */ = {
			isa = XCConfigurationList;
			buildConfigurations = (
				7C4111452940D20A00CC0A1D /* Debug */,
				7C4111462940D20A00CC0A1D /* Release */,
			);
			defaultConfigurationIsVisible = 0;
			defaultConfigurationName = Release;
		};
/* End XCConfigurationList section */
	};
	rootObject = 7C4111282940D20900CC0A1D /* Project object */;
}
